
Microsoft Visual Studio Solution File, Format Version 12.00
# Visual Studio Version 17
VisualStudioVersion = 17.1.31911.260
MinimumVisualStudioVersion = 10.0.40219.1
Project("{9A19103F-16F7-4668-BE54-9A1E7A4F7556}") = "TasksApi", "TasksApi.csproj", "{8B6D69B6-4B91-4F8A-B4EE-31F88696776F}"
EndProject
Project("{FAE04EC0-301F-11D3-BF4B-00C04F79EFBC}") = "ApiTests", "..\ApiTests\ApiTests.csproj", "{BFB5B647-CD53-4082-80D1-BA9B49BE3E7B}"
EndProject
Global
	GlobalSection(SolutionConfigurationPlatforms) = preSolution
		Debug|Any CPU = Debug|Any CPU
		Release|Any CPU = Release|Any CPU
	EndGlobalSection
	GlobalSection(ProjectConfigurationPlatforms) = postSolution
		{8B6D69B6-4B91-4F8A-B4EE-31F88696776F}.Debug|Any CPU.ActiveCfg = Debug|Any CPU
		{8B6D69B6-4B91-4F8A-B4EE-31F88696776F}.Debug|Any CPU.Build.0 = Debug|Any CPU
		{8B6D69B6-4B91-4F8A-B4EE-31F88696776F}.Release|Any CPU.ActiveCfg = Release|Any CPU
		{8B6D69B6-4B91-4F8A-B4EE-31F88696776F}.Release|Any CPU.Build.0 = Release|Any CPU
		{BFB5B647-CD53-4082-80D1-BA9B49BE3E7B}.Debug|Any CPU.ActiveCfg = Debug|Any CPU
		{BFB5B647-CD53-4082-80D1-BA9B49BE3E7B}.Debug|Any CPU.Build.0 = Debug|Any CPU
		{BFB5B647-CD53-4082-80D1-BA9B49BE3E7B}.Release|Any CPU.ActiveCfg = Release|Any CPU
		{BFB5B647-CD53-4082-80D1-BA9B49BE3E7B}.Release|Any CPU.Build.0 = Release|Any CPU
	EndGlobalSection
	GlobalSection(SolutionProperties) = preSolution
		HideSolutionNode = FALSE
	EndGlobalSection
	GlobalSection(ExtensibilityGlobals) = postSolution
		SolutionGuid = {69DFF76B-EA74-470F-995F-A05FFB1835DB}
	EndGlobalSection
EndGlobal
